
Microsoft Visual Studio Solution File, Format Version 12.00
# Visual Studio Version 17
VisualStudioVersion = 17.8.34309.116
MinimumVisualStudioVersion = 10.0.40219.1
Project("{9A19103F-16F7-4668-BE54-9A1E7A4F7556}") = "Whatsub", "Whatsub\Whatsub.csproj", "{EB3838A3-22B9-41FB-8E02-8B20D1BF9456}"
EndProject
Project("{9A19103F-16F7-4668-BE54-9A1E7A4F7556}") = "Whatsub.Test", "Whatsub.Test\Whatsub.Test.csproj", "{0FDFE141-B2CA-4317-BFF6-AD6783843DFE}"
EndProject
Global
	GlobalSection(SolutionConfigurationPlatforms) = preSolution
		Debug|Any CPU = Debug|Any CPU
		Release|Any CPU = Release|Any CPU
	EndGlobalSection
	GlobalSection(ProjectConfigurationPlatforms) = postSolution
		{EB3838A3-22B9-41FB-8E02-8B20D1BF9456}.Debug|Any CPU.ActiveCfg = Debug|Any CPU
		{EB3838A3-22B9-41FB-8E02-8B20D1BF9456}.Debug|Any CPU.Build.0 = Debug|Any CPU
		{EB3838A3-22B9-41FB-8E02-8B20D1BF9456}.Release|Any CPU.ActiveCfg = Release|Any CPU
		{EB3838A3-22B9-41FB-8E02-8B20D1BF9456}.Release|Any CPU.Build.0 = Release|Any CPU
		{0FDFE141-B2CA-4317-BFF6-AD6783843DFE}.Debug|Any CPU.ActiveCfg = Debug|Any CPU
		{0FDFE141-B2CA-4317-BFF6-AD6783843DFE}.Debug|Any CPU.Build.0 = Debug|Any CPU
		{0FDFE141-B2CA-4317-BFF6-AD6783843DFE}.Release|Any CPU.ActiveCfg = Release|Any CPU
		{0FDFE141-B2CA-4317-BFF6-AD6783843DFE}.Release|Any CPU.Build.0 = Release|Any CPU
	EndGlobalSection
	GlobalSection(SolutionProperties) = preSolution
		HideSolutionNode = FALSE
	EndGlobalSection
	GlobalSection(ExtensibilityGlobals) = postSolution
		SolutionGuid = {2551D7D8-34A8-48F5-A0A6-F4D4B5870DEE}
	EndGlobalSection
EndGlobal
