
Microsoft Visual Studio Solution File, Format Version 12.00
# Visual Studio Version 17
VisualStudioVersion = 17.8.34309.116
MinimumVisualStudioVersion = 10.0.40219.1
Project("{FAE04EC0-301F-11D3-BF4B-00C04F79EFBC}") = "Whatsup", "Whatsup\Whatsup.csproj", "{EB3838A3-22B9-41FB-8E02-8B20D1BF9456}"
EndProject
Global
	GlobalSection(SolutionConfigurationPlatforms) = preSolution
		Debug|Any CPU = Debug|Any CPU
		Release|Any CPU = Release|Any CPU
	EndGlobalSection
	GlobalSection(ProjectConfigurationPlatforms) = postSolution
		{EB3838A3-22B9-41FB-8E02-8B20D1BF9456}.Debug|Any CPU.ActiveCfg = Debug|Any CPU
		{EB3838A3-22B9-41FB-8E02-8B20D1BF9456}.Debug|Any CPU.Build.0 = Debug|Any CPU
		{EB3838A3-22B9-41FB-8E02-8B20D1BF9456}.Release|Any CPU.ActiveCfg = Release|Any CPU
		{EB3838A3-22B9-41FB-8E02-8B20D1BF9456}.Release|Any CPU.Build.0 = Release|Any CPU
	EndGlobalSection
	GlobalSection(SolutionProperties) = preSolution
		HideSolutionNode = FALSE
	EndGlobalSection
	GlobalSection(ExtensibilityGlobals) = postSolution
		SolutionGuid = {2551D7D8-34A8-48F5-A0A6-F4D4B5870DEE}
	EndGlobalSection
EndGlobal
